
Microsoft Visual Studio Solution File, Format Version 10.00
# Visual Studio 2008
Project("{8BC9CEB8-8B4A-11D0-8D11-00A0C91BC942}") = "eternity", "eternity\eternity.vcproj", "{7110EEC4-41B5-42EE-B8AD-913A9D4F5450}"
EndProject
Project("{8BC9CEB8-8B4A-11D0-8D11-00A0C91BC942}") = "game", "game\game.vcproj", "{FB8CA3FB-9161-49C8-80B3-628AFB0D8DB5}"
	ProjectSection(ProjectDependencies) = postProject
		{7110EEC4-41B5-42EE-B8AD-913A9D4F5450} = {7110EEC4-41B5-42EE-B8AD-913A9D4F5450}
	EndProjectSection
EndProject
Project("{8BC9CEB8-8B4A-11D0-8D11-00A0C91BC942}") = "gdw-week-8-asteroid", "gdw-week-8-asteroid\gdw-week-8-asteroid.vcproj", "{7091693D-0F46-443A-B28C-43E09B0CA8FA}"
	ProjectSection(ProjectDependencies) = postProject
		{7110EEC4-41B5-42EE-B8AD-913A9D4F5450} = {7110EEC4-41B5-42EE-B8AD-913A9D4F5450}
	EndProjectSection
EndProject
Project("{8BC9CEB8-8B4A-11D0-8D11-00A0C91BC942}") = "gdw-week-8-pacman", "gdw-week-8-pacman\gdw-week-8-pacman.vcproj", "{09EA15FC-902B-4EA2-8E0C-13F4EF9CC895}"
	ProjectSection(ProjectDependencies) = postProject
		{7110EEC4-41B5-42EE-B8AD-913A9D4F5450} = {7110EEC4-41B5-42EE-B8AD-913A9D4F5450}
	EndProjectSection
EndProject
Project("{8BC9CEB8-8B4A-11D0-8D11-00A0C91BC942}") = "gdw-week-10-callbacks", "gdw-week-10-callbacks\gdw-week-10-callbacks.vcproj", "{0DE838E7-6E6E-421F-AC56-BB16CEAFA5D5}"
	ProjectSection(ProjectDependencies) = postProject
		{7110EEC4-41B5-42EE-B8AD-913A9D4F5450} = {7110EEC4-41B5-42EE-B8AD-913A9D4F5450}
	EndProjectSection
EndProject
Project("{8BC9CEB8-8B4A-11D0-8D11-00A0C91BC942}") = "gdw-week-10-xbox-controller-callbacks", "gdw-week-10-xbox-controller-callbacks\gdw-week-10-xbox-controller-callbacks.vcproj", "{3A4B5A24-B7CB-4F20-B5DF-F2854BEA4614}"
	ProjectSection(ProjectDependencies) = postProject
		{7110EEC4-41B5-42EE-B8AD-913A9D4F5450} = {7110EEC4-41B5-42EE-B8AD-913A9D4F5450}
	EndProjectSection
EndProject
Project("{8BC9CEB8-8B4A-11D0-8D11-00A0C91BC942}") = "gdw-week-11-pathfinding", "gdw-week-11-pathfinding\gdw-week-11-pathfinding.vcproj", "{98EEBEF4-CD18-4493-85C0-D02F37682577}"
	ProjectSection(ProjectDependencies) = postProject
		{7110EEC4-41B5-42EE-B8AD-913A9D4F5450} = {7110EEC4-41B5-42EE-B8AD-913A9D4F5450}
	EndProjectSection
EndProject
Project("{8BC9CEB8-8B4A-11D0-8D11-00A0C91BC942}") = "example-6-3d-rendering", "example-6-3d-rendering\example-6-3d-rendering.vcproj", "{EF2A8351-AB66-4B91-A034-8BDAC3779A72}"
	ProjectSection(ProjectDependencies) = postProject
		{7110EEC4-41B5-42EE-B8AD-913A9D4F5450} = {7110EEC4-41B5-42EE-B8AD-913A9D4F5450}
	EndProjectSection
EndProject
Project("{8BC9CEB8-8B4A-11D0-8D11-00A0C91BC942}") = "CarsimProject", "CarsimProject\CarsimProject.vcproj", "{CE2A7B9E-D9D3-427B-ABCE-EEF45A941040}"
	ProjectSection(ProjectDependencies) = postProject
		{7110EEC4-41B5-42EE-B8AD-913A9D4F5450} = {7110EEC4-41B5-42EE-B8AD-913A9D4F5450}
	EndProjectSection
EndProject
Global
	GlobalSection(SolutionConfigurationPlatforms) = preSolution
		Debug|Win32 = Debug|Win32
		Release|Win32 = Release|Win32
	EndGlobalSection
	GlobalSection(ProjectConfigurationPlatforms) = postSolution
		{7110EEC4-41B5-42EE-B8AD-913A9D4F5450}.Debug|Win32.ActiveCfg = Debug|Win32
		{7110EEC4-41B5-42EE-B8AD-913A9D4F5450}.Debug|Win32.Build.0 = Debug|Win32
		{7110EEC4-41B5-42EE-B8AD-913A9D4F5450}.Release|Win32.ActiveCfg = Release|Win32
		{7110EEC4-41B5-42EE-B8AD-913A9D4F5450}.Release|Win32.Build.0 = Release|Win32
		{FB8CA3FB-9161-49C8-80B3-628AFB0D8DB5}.Debug|Win32.ActiveCfg = Debug|Win32
		{FB8CA3FB-9161-49C8-80B3-628AFB0D8DB5}.Debug|Win32.Build.0 = Debug|Win32
		{FB8CA3FB-9161-49C8-80B3-628AFB0D8DB5}.Release|Win32.ActiveCfg = Release|Win32
		{FB8CA3FB-9161-49C8-80B3-628AFB0D8DB5}.Release|Win32.Build.0 = Release|Win32
		{7091693D-0F46-443A-B28C-43E09B0CA8FA}.Debug|Win32.ActiveCfg = Debug|Win32
		{7091693D-0F46-443A-B28C-43E09B0CA8FA}.Debug|Win32.Build.0 = Debug|Win32
		{7091693D-0F46-443A-B28C-43E09B0CA8FA}.Release|Win32.ActiveCfg = Release|Win32
		{7091693D-0F46-443A-B28C-43E09B0CA8FA}.Release|Win32.Build.0 = Release|Win32
		{09EA15FC-902B-4EA2-8E0C-13F4EF9CC895}.Debug|Win32.ActiveCfg = Debug|Win32
		{09EA15FC-902B-4EA2-8E0C-13F4EF9CC895}.Debug|Win32.Build.0 = Debug|Win32
		{09EA15FC-902B-4EA2-8E0C-13F4EF9CC895}.Release|Win32.ActiveCfg = Release|Win32
		{09EA15FC-902B-4EA2-8E0C-13F4EF9CC895}.Release|Win32.Build.0 = Release|Win32
		{0DE838E7-6E6E-421F-AC56-BB16CEAFA5D5}.Debug|Win32.ActiveCfg = Debug|Win32
		{0DE838E7-6E6E-421F-AC56-BB16CEAFA5D5}.Debug|Win32.Build.0 = Debug|Win32
		{0DE838E7-6E6E-421F-AC56-BB16CEAFA5D5}.Release|Win32.ActiveCfg = Release|Win32
		{0DE838E7-6E6E-421F-AC56-BB16CEAFA5D5}.Release|Win32.Build.0 = Release|Win32
		{3A4B5A24-B7CB-4F20-B5DF-F2854BEA4614}.Debug|Win32.ActiveCfg = Debug|Win32
		{3A4B5A24-B7CB-4F20-B5DF-F2854BEA4614}.Debug|Win32.Build.0 = Debug|Win32
		{3A4B5A24-B7CB-4F20-B5DF-F2854BEA4614}.Release|Win32.ActiveCfg = Release|Win32
		{3A4B5A24-B7CB-4F20-B5DF-F2854BEA4614}.Release|Win32.Build.0 = Release|Win32
		{98EEBEF4-CD18-4493-85C0-D02F37682577}.Debug|Win32.ActiveCfg = Debug|Win32
		{98EEBEF4-CD18-4493-85C0-D02F37682577}.Debug|Win32.Build.0 = Debug|Win32
		{98EEBEF4-CD18-4493-85C0-D02F37682577}.Release|Win32.ActiveCfg = Release|Win32
		{98EEBEF4-CD18-4493-85C0-D02F37682577}.Release|Win32.Build.0 = Release|Win32
		{EF2A8351-AB66-4B91-A034-8BDAC3779A72}.Debug|Win32.ActiveCfg = Debug|Win32
		{EF2A8351-AB66-4B91-A034-8BDAC3779A72}.Debug|Win32.Build.0 = Debug|Win32
		{EF2A8351-AB66-4B91-A034-8BDAC3779A72}.Release|Win32.ActiveCfg = Release|Win32
		{EF2A8351-AB66-4B91-A034-8BDAC3779A72}.Release|Win32.Build.0 = Release|Win32
		{CE2A7B9E-D9D3-427B-ABCE-EEF45A941040}.Debug|Win32.ActiveCfg = Debug|Win32
		{CE2A7B9E-D9D3-427B-ABCE-EEF45A941040}.Debug|Win32.Build.0 = Debug|Win32
		{CE2A7B9E-D9D3-427B-ABCE-EEF45A941040}.Release|Win32.ActiveCfg = Release|Win32
		{CE2A7B9E-D9D3-427B-ABCE-EEF45A941040}.Release|Win32.Build.0 = Release|Win32
	EndGlobalSection
	GlobalSection(SolutionProperties) = preSolution
		HideSolutionNode = FALSE
	EndGlobalSection
EndGlobal
