
Microsoft Visual Studio Solution File, Format Version 11.00
# Visual Studio 2010
Project("{8BC9CEB8-8B4A-11D0-8D11-00A0C91BC942}") = "eternity", "eternity\eternity.vcxproj", "{7110EEC4-41B5-42EE-B8AD-913A9D4F5450}"
EndProject
Project("{8BC9CEB8-8B4A-11D0-8D11-00A0C91BC942}") = "example-1--base", "example-1--base\example-1--base.vcxproj", "{98398882-F187-4D4F-8526-A5BB2AD50D56}"
EndProject
Project("{8BC9CEB8-8B4A-11D0-8D11-00A0C91BC942}") = "example-2--asteroid", "example-2--asteroid\example-2--asteroid.vcxproj", "{32507AFF-972C-4B2F-8BA1-0E862F6E49CE}"
EndProject
Project("{8BC9CEB8-8B4A-11D0-8D11-00A0C91BC942}") = "example-3--pacman", "example-3--pacman\example-3--pacman.vcxproj", "{062D2F8B-345F-44E1-B074-AEEA0A5C21B8}"
EndProject
Project("{8BC9CEB8-8B4A-11D0-8D11-00A0C91BC942}") = "example-4--callbacks", "example-4--callbacks\example-4--callbacks.vcxproj", "{4DF3FD6C-6E6B-4786-ABC4-87B405C75773}"
EndProject
Project("{8BC9CEB8-8B4A-11D0-8D11-00A0C91BC942}") = "example-5--xbox-controller-and-callbacks", "example-5--xbox-controller-and-callbacks\example-5--xbox-controller-and-callbacks.vcxproj", "{07F4AFC4-8D28-4E38-A189-6F1C13CDB57C}"
EndProject
Project("{8BC9CEB8-8B4A-11D0-8D11-00A0C91BC942}") = "example-6--pathfinding-and-perlin-noise", "example-6--pathfinding-and-perlin-noise\example-6--pathfinding-and-perlin-noise.vcxproj", "{3FED908E-C1BB-40B5-BFF6-9831912259B2}"
EndProject
Project("{8BC9CEB8-8B4A-11D0-8D11-00A0C91BC942}") = "example-7--3D-Rendering", "example-7--3D-Rendering\example-7--3D-Rendering.vcxproj", "{798E3674-2D9D-4851-B0D7-350C97D7866B}"
EndProject
Project("{8BC9CEB8-8B4A-11D0-8D11-00A0C91BC942}") = "example-8--UIButtons", "example-8--UIButtons\example-8--UIButtons.vcxproj", "{5DCB08E5-1E17-49A6-9961-E88A4F9D003F}"
EndProject
Project("{8BC9CEB8-8B4A-11D0-8D11-00A0C91BC942}") = "project-1--CarsimProject", "project-1--CarsimProject\project-1--CarsimProject.vcxproj", "{574BF21D-170B-467F-AC68-F40BEA86CB4E}"
EndProject
Project("{8BC9CEB8-8B4A-11D0-8D11-00A0C91BC942}") = "project-2--Spw", "project-2--Spw\project-2--Spw.vcxproj", "{6A7FA93E-8056-4395-B9D5-70B2C3F9FAE4}"
	ProjectSection(ProjectDependencies) = postProject
		{7110EEC4-41B5-42EE-B8AD-913A9D4F5450} = {7110EEC4-41B5-42EE-B8AD-913A9D4F5450}
	EndProjectSection
EndProject
Global
	GlobalSection(SolutionConfigurationPlatforms) = preSolution
		Debug|Win32 = Debug|Win32
		Release|Win32 = Release|Win32
	EndGlobalSection
	GlobalSection(ProjectConfigurationPlatforms) = postSolution
		{7110EEC4-41B5-42EE-B8AD-913A9D4F5450}.Debug|Win32.ActiveCfg = Debug|Win32
		{7110EEC4-41B5-42EE-B8AD-913A9D4F5450}.Debug|Win32.Build.0 = Debug|Win32
		{7110EEC4-41B5-42EE-B8AD-913A9D4F5450}.Release|Win32.ActiveCfg = Release|Win32
		{7110EEC4-41B5-42EE-B8AD-913A9D4F5450}.Release|Win32.Build.0 = Release|Win32
		{98398882-F187-4D4F-8526-A5BB2AD50D56}.Debug|Win32.ActiveCfg = Debug|Win32
		{98398882-F187-4D4F-8526-A5BB2AD50D56}.Debug|Win32.Build.0 = Debug|Win32
		{98398882-F187-4D4F-8526-A5BB2AD50D56}.Release|Win32.ActiveCfg = Release|Win32
		{98398882-F187-4D4F-8526-A5BB2AD50D56}.Release|Win32.Build.0 = Release|Win32
		{32507AFF-972C-4B2F-8BA1-0E862F6E49CE}.Debug|Win32.ActiveCfg = Debug|Win32
		{32507AFF-972C-4B2F-8BA1-0E862F6E49CE}.Debug|Win32.Build.0 = Debug|Win32
		{32507AFF-972C-4B2F-8BA1-0E862F6E49CE}.Release|Win32.ActiveCfg = Release|Win32
		{32507AFF-972C-4B2F-8BA1-0E862F6E49CE}.Release|Win32.Build.0 = Release|Win32
		{062D2F8B-345F-44E1-B074-AEEA0A5C21B8}.Debug|Win32.ActiveCfg = Debug|Win32
		{062D2F8B-345F-44E1-B074-AEEA0A5C21B8}.Debug|Win32.Build.0 = Debug|Win32
		{062D2F8B-345F-44E1-B074-AEEA0A5C21B8}.Release|Win32.ActiveCfg = Release|Win32
		{062D2F8B-345F-44E1-B074-AEEA0A5C21B8}.Release|Win32.Build.0 = Release|Win32
		{4DF3FD6C-6E6B-4786-ABC4-87B405C75773}.Debug|Win32.ActiveCfg = Debug|Win32
		{4DF3FD6C-6E6B-4786-ABC4-87B405C75773}.Debug|Win32.Build.0 = Debug|Win32
		{4DF3FD6C-6E6B-4786-ABC4-87B405C75773}.Release|Win32.ActiveCfg = Release|Win32
		{4DF3FD6C-6E6B-4786-ABC4-87B405C75773}.Release|Win32.Build.0 = Release|Win32
		{07F4AFC4-8D28-4E38-A189-6F1C13CDB57C}.Debug|Win32.ActiveCfg = Debug|Win32
		{07F4AFC4-8D28-4E38-A189-6F1C13CDB57C}.Debug|Win32.Build.0 = Debug|Win32
		{07F4AFC4-8D28-4E38-A189-6F1C13CDB57C}.Release|Win32.ActiveCfg = Release|Win32
		{07F4AFC4-8D28-4E38-A189-6F1C13CDB57C}.Release|Win32.Build.0 = Release|Win32
		{3FED908E-C1BB-40B5-BFF6-9831912259B2}.Debug|Win32.ActiveCfg = Debug|Win32
		{3FED908E-C1BB-40B5-BFF6-9831912259B2}.Debug|Win32.Build.0 = Debug|Win32
		{3FED908E-C1BB-40B5-BFF6-9831912259B2}.Release|Win32.ActiveCfg = Release|Win32
		{3FED908E-C1BB-40B5-BFF6-9831912259B2}.Release|Win32.Build.0 = Release|Win32
		{798E3674-2D9D-4851-B0D7-350C97D7866B}.Debug|Win32.ActiveCfg = Debug|Win32
		{798E3674-2D9D-4851-B0D7-350C97D7866B}.Debug|Win32.Build.0 = Debug|Win32
		{798E3674-2D9D-4851-B0D7-350C97D7866B}.Release|Win32.ActiveCfg = Release|Win32
		{798E3674-2D9D-4851-B0D7-350C97D7866B}.Release|Win32.Build.0 = Release|Win32
		{5DCB08E5-1E17-49A6-9961-E88A4F9D003F}.Debug|Win32.ActiveCfg = Debug|Win32
		{5DCB08E5-1E17-49A6-9961-E88A4F9D003F}.Debug|Win32.Build.0 = Debug|Win32
		{5DCB08E5-1E17-49A6-9961-E88A4F9D003F}.Release|Win32.ActiveCfg = Release|Win32
		{5DCB08E5-1E17-49A6-9961-E88A4F9D003F}.Release|Win32.Build.0 = Release|Win32
		{574BF21D-170B-467F-AC68-F40BEA86CB4E}.Debug|Win32.ActiveCfg = Debug|Win32
		{574BF21D-170B-467F-AC68-F40BEA86CB4E}.Debug|Win32.Build.0 = Debug|Win32
		{574BF21D-170B-467F-AC68-F40BEA86CB4E}.Release|Win32.ActiveCfg = Release|Win32
		{574BF21D-170B-467F-AC68-F40BEA86CB4E}.Release|Win32.Build.0 = Release|Win32
		{6A7FA93E-8056-4395-B9D5-70B2C3F9FAE4}.Debug|Win32.ActiveCfg = Debug|Win32
		{6A7FA93E-8056-4395-B9D5-70B2C3F9FAE4}.Debug|Win32.Build.0 = Debug|Win32
		{6A7FA93E-8056-4395-B9D5-70B2C3F9FAE4}.Release|Win32.ActiveCfg = Release|Win32
		{6A7FA93E-8056-4395-B9D5-70B2C3F9FAE4}.Release|Win32.Build.0 = Release|Win32
	EndGlobalSection
	GlobalSection(SolutionProperties) = preSolution
		HideSolutionNode = FALSE
	EndGlobalSection
EndGlobal
