
Microsoft Visual Studio Solution File, Format Version 10.00
# Visual Studio 2008
Project("{8BC9CEB8-8B4A-11D0-8D11-00A0C91BC942}") = "eternity", "eternity\eternity.vcproj", "{7110EEC4-41B5-42EE-B8AD-913A9D4F5450}"
EndProject
Project("{8BC9CEB8-8B4A-11D0-8D11-00A0C91BC942}") = "game", "game\game.vcproj", "{FB8CA3FB-9161-49C8-80B3-628AFB0D8DB5}"
	ProjectSection(ProjectDependencies) = postProject
		{7110EEC4-41B5-42EE-B8AD-913A9D4F5450} = {7110EEC4-41B5-42EE-B8AD-913A9D4F5450}
	EndProjectSection
EndProject
Global
	GlobalSection(SolutionConfigurationPlatforms) = preSolution
		Debug|Win32 = Debug|Win32
		Release|Win32 = Release|Win32
	EndGlobalSection
	GlobalSection(ProjectConfigurationPlatforms) = postSolution
		{7110EEC4-41B5-42EE-B8AD-913A9D4F5450}.Debug|Win32.ActiveCfg = Debug|Win32
		{7110EEC4-41B5-42EE-B8AD-913A9D4F5450}.Debug|Win32.Build.0 = Debug|Win32
		{7110EEC4-41B5-42EE-B8AD-913A9D4F5450}.Release|Win32.ActiveCfg = Release|Win32
		{7110EEC4-41B5-42EE-B8AD-913A9D4F5450}.Release|Win32.Build.0 = Release|Win32
		{FB8CA3FB-9161-49C8-80B3-628AFB0D8DB5}.Debug|Win32.ActiveCfg = Debug|Win32
		{FB8CA3FB-9161-49C8-80B3-628AFB0D8DB5}.Debug|Win32.Build.0 = Debug|Win32
		{FB8CA3FB-9161-49C8-80B3-628AFB0D8DB5}.Release|Win32.ActiveCfg = Release|Win32
		{FB8CA3FB-9161-49C8-80B3-628AFB0D8DB5}.Release|Win32.Build.0 = Release|Win32
	EndGlobalSection
	GlobalSection(SolutionProperties) = preSolution
		HideSolutionNode = FALSE
	EndGlobalSection
EndGlobal
