<?xml version="1.0" encoding="utf-8"?>
<Project ToolsVersion="4.0" xmlns="http://schemas.microsoft.com/developer/msbuild/2003">
  <ItemGroup>
    <Filter Include="Source Files">
      <UniqueIdentifier>{4FC737F1-C7A5-4376-A066-2A32D752A2FF}</UniqueIdentifier>
      <Extensions>cpp;c;cc;cxx;def;odl;idl;hpj;bat;asm;asmx</Extensions>
    </Filter>
    <Filter Include="Source Files\Windowing">
      <UniqueIdentifier>{ee55aa0b-089d-4556-aeec-5c22339aafc2}</UniqueIdentifier>
    </Filter>
    <Filter Include="Source Files\Managers">
      <UniqueIdentifier>{0974a8aa-6ed9-46ac-9618-9790f996bbbf}</UniqueIdentifier>
    </Filter>
    <Filter Include="Source Files\Aux_And_Util">
      <UniqueIdentifier>{337faffc-9d3f-4e1d-948b-0e7ed965edad}</UniqueIdentifier>
    </Filter>
    <Filter Include="Source Files\C-Style">
      <UniqueIdentifier>{795e9c86-9237-4459-b882-028b7d0f6bde}</UniqueIdentifier>
    </Filter>
    <Filter Include="Source Files\Pathfinding">
      <UniqueIdentifier>{f7d2a1d2-6ecf-4f53-81eb-8f0869c63d9d}</UniqueIdentifier>
    </Filter>
    <Filter Include="Header Files">
      <UniqueIdentifier>{93995380-89BD-4b04-88EB-625FBE52EBFB}</UniqueIdentifier>
      <Extensions>h;hpp;hxx;hm;inl;inc;xsd</Extensions>
    </Filter>
    <Filter Include="Header Files\C-Style">
      <UniqueIdentifier>{728b1df2-1ba1-4841-82c4-4656e7d72f15}</UniqueIdentifier>
    </Filter>
    <Filter Include="Header Files\Managers">
      <UniqueIdentifier>{5b3c2f52-1ef8-48fd-b33b-c93191370917}</UniqueIdentifier>
    </Filter>
    <Filter Include="Header Files\Windowing">
      <UniqueIdentifier>{475b7e9f-325c-4758-be31-00845dd22abd}</UniqueIdentifier>
    </Filter>
    <Filter Include="Header Files\Aux_And_Util">
      <UniqueIdentifier>{a425a033-7b05-42ba-9495-2fcb8a3452aa}</UniqueIdentifier>
    </Filter>
    <Filter Include="Header Files\unused">
      <UniqueIdentifier>{108c3d18-5a33-490c-b6ac-405dec1d6dd0}</UniqueIdentifier>
    </Filter>
    <Filter Include="Header Files\Pathfinding">
      <UniqueIdentifier>{5244a136-3e3f-4fe2-8065-4cf8bbf2c734}</UniqueIdentifier>
    </Filter>
    <Filter Include="Resource Files">
      <UniqueIdentifier>{67DA6AB6-F800-4c08-8B7A-83BB121AAD01}</UniqueIdentifier>
      <Extensions>rc;ico;cur;bmp;dlg;rc2;rct;bin;rgs;gif;jpg;jpeg;jpe;resx;tiff;tif;png;wav</Extensions>
    </Filter>
    <Filter Include="Header Files\Math">
      <UniqueIdentifier>{f604aeb0-62c8-4ad9-a2eb-7b561f161228}</UniqueIdentifier>
    </Filter>
    <Filter Include="Source Files\Math">
      <UniqueIdentifier>{f1e617ee-8ced-4242-9bff-793a369d357a}</UniqueIdentifier>
    </Filter>
    <Filter Include="Source Files\Managers\UI">
      <UniqueIdentifier>{976697b4-2f9f-43be-aa00-23e1149a6a5c}</UniqueIdentifier>
    </Filter>
    <Filter Include="Header Files\Managers\UI">
      <UniqueIdentifier>{ba7b678d-2880-493d-85c3-161d345c1abc}</UniqueIdentifier>
    </Filter>
  </ItemGroup>
  <ItemGroup>
    <ClCompile Include="Camera3D.cpp">
      <Filter>Source Files</Filter>
    </ClCompile>
    <ClCompile Include="ObjFileParse.cpp">
      <Filter>Source Files</Filter>
    </ClCompile>
    <ClCompile Include="D3DWindow.cpp">
      <Filter>Source Files\Windowing</Filter>
    </ClCompile>
    <ClCompile Include="WindowClass.cpp">
      <Filter>Source Files\Windowing</Filter>
    </ClCompile>
    <ClCompile Include="InputMan.cpp">
      <Filter>Source Files\Managers</Filter>
    </ClCompile>
    <ClCompile Include="SoundMan.cpp">
      <Filter>Source Files\Managers</Filter>
    </ClCompile>
    <ClCompile Include="SpriteMan.cpp">
      <Filter>Source Files\Managers</Filter>
    </ClCompile>
    <ClCompile Include="GDIPlusTexture.cpp">
      <Filter>Source Files\Aux_And_Util</Filter>
    </ClCompile>
    <ClCompile Include="ConsoleColors.cpp">
      <Filter>Source Files\C-Style</Filter>
    </ClCompile>
    <ClCompile Include="helperFunctions.cpp">
      <Filter>Source Files\C-Style</Filter>
    </ClCompile>
    <ClCompile Include="perlin.cpp">
      <Filter>Source Files\C-Style</Filter>
    </ClCompile>
    <ClCompile Include="path\AsciiMap.cpp">
      <Filter>Source Files\Pathfinding</Filter>
    </ClCompile>
    <ClCompile Include="path\AStar.cpp">
      <Filter>Source Files\Pathfinding</Filter>
    </ClCompile>
    <ClCompile Include="path\Coord.cpp">
      <Filter>Source Files\Pathfinding</Filter>
    </ClCompile>
    <ClCompile Include="path\Edge.cpp">
      <Filter>Source Files\Pathfinding</Filter>
    </ClCompile>
    <ClCompile Include="path\Graph.cpp">
      <Filter>Source Files\Pathfinding</Filter>
    </ClCompile>
    <ClCompile Include="path\GraphNode.cpp">
      <Filter>Source Files\Pathfinding</Filter>
    </ClCompile>
    <ClCompile Include="Vector.cpp">
      <Filter>Source Files\Math</Filter>
    </ClCompile>
    <ClCompile Include="Matrix.cpp">
      <Filter>Source Files\Math</Filter>
    </ClCompile>
    <ClCompile Include="AABB.cpp">
      <Filter>Source Files\Math</Filter>
    </ClCompile>
    <ClCompile Include="UIObject.cpp">
      <Filter>Source Files\Managers\UI</Filter>
    </ClCompile>
    <ClCompile Include="Button.cpp">
      <Filter>Source Files\Managers\UI</Filter>
    </ClCompile>
    <ClCompile Include="TextField.cpp">
      <Filter>Source Files\Managers\UI</Filter>
    </ClCompile>
    <ClCompile Include="AssetMan.cpp">
      <Filter>Source Files\Managers</Filter>
    </ClCompile>
    <ClCompile Include="WorldMan.cpp">
      <Filter>Source Files\Managers</Filter>
    </ClCompile>
    <ClCompile Include="CameraMan.cpp">
      <Filter>Source Files\Managers</Filter>
    </ClCompile>
    <ClCompile Include="GamePak.cpp">
      <Filter>Source Files\Windowing</Filter>
    </ClCompile>
    <ClCompile Include="OpenGLWindow.cpp">
      <Filter>Source Files\Windowing</Filter>
    </ClCompile>
    <ClCompile Include="UIMan.cpp">
      <Filter>Source Files\Managers</Filter>
    </ClCompile>
    <ClCompile Include="GraphicsWindow.cpp">
      <Filter>Source Files\Windowing</Filter>
    </ClCompile>
    <ClCompile Include="Sprite.cpp">
      <Filter>Source Files\Aux_And_Util</Filter>
    </ClCompile>
  </ItemGroup>
  <ItemGroup>
    <ClInclude Include="Callback.h">
      <Filter>Header Files</Filter>
    </ClInclude>
    <ClInclude Include="Camera3D.h">
      <Filter>Header Files</Filter>
    </ClInclude>
    <ClInclude Include="eternity.h">
      <Filter>Header Files</Filter>
    </ClInclude>
    <ClInclude Include="ObjFileParse.h">
      <Filter>Header Files</Filter>
    </ClInclude>
    <ClInclude Include="Path.h">
      <Filter>Header Files</Filter>
    </ClInclude>
    <ClInclude Include="ConsoleColors.h">
      <Filter>Header Files\C-Style</Filter>
    </ClInclude>
    <ClInclude Include="helperFunctions.h">
      <Filter>Header Files\C-Style</Filter>
    </ClInclude>
    <ClInclude Include="perlin.h">
      <Filter>Header Files\C-Style</Filter>
    </ClInclude>
    <ClInclude Include="InputMan.h">
      <Filter>Header Files\Managers</Filter>
    </ClInclude>
    <ClInclude Include="SoundMan.h">
      <Filter>Header Files\Managers</Filter>
    </ClInclude>
    <ClInclude Include="SpriteMan.h">
      <Filter>Header Files\Managers</Filter>
    </ClInclude>
    <ClInclude Include="D3DWindow.h">
      <Filter>Header Files\Windowing</Filter>
    </ClInclude>
    <ClInclude Include="WindowClass.h">
      <Filter>Header Files\Windowing</Filter>
    </ClInclude>
    <ClInclude Include="D3DVertex.h">
      <Filter>Header Files\Aux_And_Util</Filter>
    </ClInclude>
    <ClInclude Include="Gamepad.h">
      <Filter>Header Files\Aux_And_Util</Filter>
    </ClInclude>
    <ClInclude Include="GDIPlusTexture.h">
      <Filter>Header Files\Aux_And_Util</Filter>
    </ClInclude>
    <ClInclude Include="Keyboard.h">
      <Filter>Header Files\Aux_And_Util</Filter>
    </ClInclude>
    <ClInclude Include="Mouse.h">
      <Filter>Header Files\Aux_And_Util</Filter>
    </ClInclude>
    <ClInclude Include="Sprite.h">
      <Filter>Header Files\Aux_And_Util</Filter>
    </ClInclude>
    <ClInclude Include="Timer.h">
      <Filter>Header Files\Aux_And_Util</Filter>
    </ClInclude>
    <ClInclude Include="DrawSpriteCommand.h">
      <Filter>Header Files\unused</Filter>
    </ClInclude>
    <ClInclude Include="Text.h">
      <Filter>Header Files\unused</Filter>
    </ClInclude>
    <ClInclude Include="Tones.h">
      <Filter>Header Files\unused</Filter>
    </ClInclude>
    <ClInclude Include="path\AsciiMap.h">
      <Filter>Header Files\Pathfinding</Filter>
    </ClInclude>
    <ClInclude Include="path\AStar.h">
      <Filter>Header Files\Pathfinding</Filter>
    </ClInclude>
    <ClInclude Include="path\Coord.h">
      <Filter>Header Files\Pathfinding</Filter>
    </ClInclude>
    <ClInclude Include="path\Edge.h">
      <Filter>Header Files\Pathfinding</Filter>
    </ClInclude>
    <ClInclude Include="path\Graph.h">
      <Filter>Header Files\Pathfinding</Filter>
    </ClInclude>
    <ClInclude Include="path\GraphNode.h">
      <Filter>Header Files\Pathfinding</Filter>
    </ClInclude>
    <ClInclude Include="path\GridConnection.h">
      <Filter>Header Files\Pathfinding</Filter>
    </ClInclude>
    <ClInclude Include="path\HighPerformanceTimer.h">
      <Filter>Header Files\Pathfinding</Filter>
    </ClInclude>
    <ClInclude Include="Vector.h">
      <Filter>Header Files\Math</Filter>
    </ClInclude>
    <ClInclude Include="Matrix.h">
      <Filter>Header Files\Math</Filter>
    </ClInclude>
    <ClInclude Include="AABB.h">
      <Filter>Header Files\Math</Filter>
    </ClInclude>
    <ClInclude Include="UIObject.h">
      <Filter>Header Files\Managers\UI</Filter>
    </ClInclude>
    <ClInclude Include="Button.h">
      <Filter>Header Files\Managers\UI</Filter>
    </ClInclude>
    <ClInclude Include="TextField.h">
      <Filter>Header Files\Managers\UI</Filter>
    </ClInclude>
    <ClInclude Include="AssetMan.h">
      <Filter>Header Files\Managers</Filter>
    </ClInclude>
    <ClInclude Include="WorldMan.h">
      <Filter>Header Files\Managers</Filter>
    </ClInclude>
    <ClInclude Include="CameraMan.h">
      <Filter>Header Files\Managers</Filter>
    </ClInclude>
    <ClInclude Include="GamePak.h">
      <Filter>Header Files\Windowing</Filter>
    </ClInclude>
    <ClInclude Include="GraphicsWindow.h">
      <Filter>Header Files\Windowing</Filter>
    </ClInclude>
    <ClInclude Include="OpenGLWindow.h">
      <Filter>Header Files\Windowing</Filter>
    </ClInclude>
    <ClInclude Include="UIMan.h">
      <Filter>Header Files\Managers</Filter>
    </ClInclude>
    <ClInclude Include="UILayer.h">
      <Filter>Header Files\Managers\UI</Filter>
    </ClInclude>
    <ClInclude Include="Line.h">
      <Filter>Header Files\Aux_And_Util</Filter>
    </ClInclude>
  </ItemGroup>
  <ItemGroup>
    <CustomBuildStep Include="..\README" />
  </ItemGroup>
</Project>